
Microsoft Visual Studio Solution File, Format Version 12.00
# Visual Studio Version 17
VisualStudioVersion = 17.9.34622.214
MinimumVisualStudioVersion = 10.0.40219.1
Project("{FAE04EC0-301F-11D3-BF4B-00C04F79EFBC}") = "Data", "Data\Data.csproj", "{4245AEF3-5C32-484D-A919-C7B9FC401A0C}"
EndProject
Project("{FAE04EC0-301F-11D3-BF4B-00C04F79EFBC}") = "Logic", "Logic\Logic.csproj", "{80BF8622-121A-4D89-94F8-309B8FBE0948}"
EndProject
Project("{FAE04EC0-301F-11D3-BF4B-00C04F79EFBC}") = "Tests", "Tests\Tests.csproj", "{3F5F35F0-E50F-4459-B5D4-73883258283D}"
EndProject
Global
	GlobalSection(SolutionConfigurationPlatforms) = preSolution
		Debug|Any CPU = Debug|Any CPU
		Release|Any CPU = Release|Any CPU
	EndGlobalSection
	GlobalSection(ProjectConfigurationPlatforms) = postSolution
		{4245AEF3-5C32-484D-A919-C7B9FC401A0C}.Debug|Any CPU.ActiveCfg = Debug|Any CPU
		{4245AEF3-5C32-484D-A919-C7B9FC401A0C}.Debug|Any CPU.Build.0 = Debug|Any CPU
		{4245AEF3-5C32-484D-A919-C7B9FC401A0C}.Release|Any CPU.ActiveCfg = Release|Any CPU
		{4245AEF3-5C32-484D-A919-C7B9FC401A0C}.Release|Any CPU.Build.0 = Release|Any CPU
		{80BF8622-121A-4D89-94F8-309B8FBE0948}.Debug|Any CPU.ActiveCfg = Debug|Any CPU
		{80BF8622-121A-4D89-94F8-309B8FBE0948}.Debug|Any CPU.Build.0 = Debug|Any CPU
		{80BF8622-121A-4D89-94F8-309B8FBE0948}.Release|Any CPU.ActiveCfg = Release|Any CPU
		{80BF8622-121A-4D89-94F8-309B8FBE0948}.Release|Any CPU.Build.0 = Release|Any CPU
		{3F5F35F0-E50F-4459-B5D4-73883258283D}.Debug|Any CPU.ActiveCfg = Debug|Any CPU
		{3F5F35F0-E50F-4459-B5D4-73883258283D}.Debug|Any CPU.Build.0 = Debug|Any CPU
		{3F5F35F0-E50F-4459-B5D4-73883258283D}.Release|Any CPU.ActiveCfg = Release|Any CPU
		{3F5F35F0-E50F-4459-B5D4-73883258283D}.Release|Any CPU.Build.0 = Release|Any CPU
	EndGlobalSection
	GlobalSection(SolutionProperties) = preSolution
		HideSolutionNode = FALSE
	EndGlobalSection
	GlobalSection(ExtensibilityGlobals) = postSolution
		SolutionGuid = {13F41801-1672-4A07-9B26-0CEC12CA8A7D}
	EndGlobalSection
EndGlobal
